// !$*UTF8*$!
{
	archiveVersion = 1;
	classes = {
	};
	objectVersion = 77;
	objects = {

/* Begin PBXBuildFile section */
		1521AF673052002B00866109 /* CountdownWidgetExtension.appex in Embed Foundation Extensions */ = {isa = PBXBuildFile; fileRef = 152EF0813051F9D400BB7370 /* CountdownWidgetExtension.appex */; settings = {ATTRIBUTES = (RemoveHeadersOnCopy, ); }; };
		1521AF6B305202F100866109 /* Fonts.swift in Sources */ = {isa = PBXBuildFile; fileRef = 1521AF693052015500866109 /* Fonts.swift */; };
		1521AF6C3052030800866109 /* Fonts.swift in Sources */ = {isa = PBXBuildFile; fileRef = 1521AF693052015500866109 /* Fonts.swift */; };
		1521AF6E3052050900866109 /* Time.swift in Sources */ = {isa = PBXBuildFile; fileRef = 1521AF6D3052050600866109 /* Time.swift */; };
		1521AF6F3052050900866109 /* Time.swift in Sources */ = {isa = PBXBuildFile; fileRef = 1521AF6D3052050600866109 /* Time.swift */; };
		1521AF813052A00000866109 /* MujoShared.swift in Sources */ = {isa = PBXBuildFile; fileRef = 1521AF803052A00000866109 /* MujoShared.swift */; };
		1521AF823052A00000866109 /* MujoShared.swift in Sources */ = {isa = PBXBuildFile; fileRef = 1521AF803052A00000866109 /* MujoShared.swift */; };
		1521AF833052A00000866109 /* MujoShared.swift in Sources */ = {isa = PBXBuildFile; fileRef = 1521AF803052A00000866109 /* MujoShared.swift */; };
		1521AF843052A00000866109 /* MujoShared.swift in Sources */ = {isa = PBXBuildFile; fileRef = 1521AF803052A00000866109 /* MujoShared.swift */; };
		A17E4E023060000000000001 /* Theme.swift in Sources */ = {isa = PBXBuildFile; fileRef = A17E4E013060000000000001 /* Theme.swift */; };
		A17E4E033060000000000001 /* Theme.swift in Sources */ = {isa = PBXBuildFile; fileRef = A17E4E013060000000000001 /* Theme.swift */; };
		A17E4E043060000000000001 /* Theme.swift in Sources */ = {isa = PBXBuildFile; fileRef = A17E4E013060000000000001 /* Theme.swift */; };
		152EF0823051F9D400BB7370 /* WidgetKit.framework in Frameworks */ = {isa = PBXBuildFile; fileRef = 152EF0643051F97400BB7370 /* WidgetKit.framework */; };
		152EF0833051F9D400BB7370 /* SwiftUI.framework in Frameworks */ = {isa = PBXBuildFile; fileRef = 152EF0663051F97400BB7370 /* SwiftUI.framework */; };
		15FC877A304DE555001D7A9A /* DeviceActivity.framework in Frameworks */ = {isa = PBXBuildFile; fileRef = 15FC8779304DE555001D7A9A /* DeviceActivity.framework */; };
		15FC8782304DE555001D7A9A /* ActivityMonitor.appex in Embed Foundation Extensions */ = {isa = PBXBuildFile; fileRef = 15FC8777304DE555001D7A9A /* ActivityMonitor.appex */; settings = {ATTRIBUTES = (RemoveHeadersOnCopy, ); }; };
		15FC8798304DE57D001D7A9A /* ReportMonitor.appex in Embed ExtensionKit Extensions */ = {isa = PBXBuildFile; fileRef = 15FC878C304DE57C001D7A9A /* ReportMonitor.appex */; settings = {ATTRIBUTES = (RemoveHeadersOnCopy, ); }; };
/* End PBXBuildFile section */

/* Begin PBXContainerItemProxy section */
		152EF0923051F9D600BB7370 /* PBXContainerItemProxy */ = {
			isa = PBXContainerItemProxy;
			containerPortal = 15B4C67C304C87A6004F4DF5 /* Project object */;
			proxyType = 1;
			remoteGlobalIDString = 152EF0803051F9D400BB7370;
			remoteInfo = CountdownWidgetExtension;
		};
		15B4C692304C87A8004F4DF5 /* PBXContainerItemProxy */ = {
			isa = PBXContainerItemProxy;
			containerPortal = 15B4C67C304C87A6004F4DF5 /* Project object */;
			proxyType = 1;
			remoteGlobalIDString = 15B4C683304C87A6004F4DF5;
			remoteInfo = Mujo;
		};
		15B4C69C304C87A8004F4DF5 /* PBXContainerItemProxy */ = {
			isa = PBXContainerItemProxy;
			containerPortal = 15B4C67C304C87A6004F4DF5 /* Project object */;
			proxyType = 1;
			remoteGlobalIDString = 15B4C683304C87A6004F4DF5;
			remoteInfo = Mujo;
		};
		15FC8780304DE555001D7A9A /* PBXContainerItemProxy */ = {
			isa = PBXContainerItemProxy;
			containerPortal = 15B4C67C304C87A6004F4DF5 /* Project object */;
			proxyType = 1;
			remoteGlobalIDString = 15FC8776304DE555001D7A9A;
			remoteInfo = ActivityMonitor;
		};
		15FC8796304DE57D001D7A9A /* PBXContainerItemProxy */ = {
			isa = PBXContainerItemProxy;
			containerPortal = 15B4C67C304C87A6004F4DF5 /* Project object */;
			proxyType = 1;
			remoteGlobalIDString = 15FC878B304DE57C001D7A9A;
			remoteInfo = ReportMonitor;
		};
/* End PBXContainerItemProxy section */

/* Begin PBXCopyFilesBuildPhase section */
		15FC8787304DE555001D7A9A /* Embed Foundation Extensions */ = {
			isa = PBXCopyFilesBuildPhase;
			buildActionMask = 2147483647;
			dstPath = "";
			dstSubfolderSpec = 13;
			files = (
				1521AF673052002B00866109 /* CountdownWidgetExtension.appex in Embed Foundation Extensions */,
				15FC8782304DE555001D7A9A /* ActivityMonitor.appex in Embed Foundation Extensions */,
			);
			name = "Embed Foundation Extensions";
			runOnlyForDeploymentPostprocessing = 0;
		};
		15FC879D304DE57D001D7A9A /* Embed ExtensionKit Extensions */ = {
			isa = PBXCopyFilesBuildPhase;
			buildActionMask = 2147483647;
			dstPath = "$(EXTENSIONS_FOLDER_PATH)";
			dstSubfolderSpec = 16;
			files = (
				15FC8798304DE57D001D7A9A /* ReportMonitor.appex in Embed ExtensionKit Extensions */,
			);
			name = "Embed ExtensionKit Extensions";
			runOnlyForDeploymentPostprocessing = 0;
		};
/* End PBXCopyFilesBuildPhase section */

/* Begin PBXFileReference section */
		1521AF693052015500866109 /* Fonts.swift */ = {isa = PBXFileReference; lastKnownFileType = sourcecode.swift; path = Fonts.swift; sourceTree = "<group>"; };
		1521AF6D3052050600866109 /* Time.swift */ = {isa = PBXFileReference; lastKnownFileType = sourcecode.swift; path = Time.swift; sourceTree = "<group>"; };
		1521AF803052A00000866109 /* MujoShared.swift */ = {isa = PBXFileReference; lastKnownFileType = sourcecode.swift; path = MujoShared.swift; sourceTree = "<group>"; };
		A17E4E013060000000000001 /* Theme.swift */ = {isa = PBXFileReference; lastKnownFileType = sourcecode.swift; path = Theme.swift; sourceTree = "<group>"; };
		1521AF723052908200866109 /* CountdownWidgetExtension.entitlements */ = {isa = PBXFileReference; lastKnownFileType = text.plist.entitlements; path = CountdownWidgetExtension.entitlements; sourceTree = "<group>"; };
		152EF0643051F97400BB7370 /* WidgetKit.framework */ = {isa = PBXFileReference; lastKnownFileType = wrapper.framework; name = WidgetKit.framework; path = System/Library/Frameworks/WidgetKit.framework; sourceTree = SDKROOT; };
		152EF0663051F97400BB7370 /* SwiftUI.framework */ = {isa = PBXFileReference; lastKnownFileType = wrapper.framework; name = SwiftUI.framework; path = System/Library/Frameworks/SwiftUI.framework; sourceTree = SDKROOT; };
		152EF0813051F9D400BB7370 /* CountdownWidgetExtension.appex */ = {isa = PBXFileReference; explicitFileType = "wrapper.app-extension"; includeInIndex = 0; path = CountdownWidgetExtension.appex; sourceTree = BUILT_PRODUCTS_DIR; };
		15B4C684304C87A6004F4DF5 /* Mujo.app */ = {isa = PBXFileReference; explicitFileType = wrapper.application; includeInIndex = 0; path = Mujo.app; sourceTree = BUILT_PRODUCTS_DIR; };
		15B4C691304C87A8004F4DF5 /* MujoTests.xctest */ = {isa = PBXFileReference; explicitFileType = wrapper.cfbundle; includeInIndex = 0; path = MujoTests.xctest; sourceTree = BUILT_PRODUCTS_DIR; };
		15B4C69B304C87A8004F4DF5 /* MujoUITests.xctest */ = {isa = PBXFileReference; explicitFileType = wrapper.cfbundle; includeInIndex = 0; path = MujoUITests.xctest; sourceTree = BUILT_PRODUCTS_DIR; };
		15FC8777304DE555001D7A9A /* ActivityMonitor.appex */ = {isa = PBXFileReference; explicitFileType = "wrapper.app-extension"; includeInIndex = 0; path = ActivityMonitor.appex; sourceTree = BUILT_PRODUCTS_DIR; };
		15FC8779304DE555001D7A9A /* DeviceActivity.framework */ = {isa = PBXFileReference; lastKnownFileType = wrapper.framework; name = DeviceActivity.framework; path = System/Library/Frameworks/DeviceActivity.framework; sourceTree = SDKROOT; };
		15FC878C304DE57C001D7A9A /* ReportMonitor.appex */ = {isa = PBXFileReference; explicitFileType = "wrapper.extensionkit-extension"; includeInIndex = 0; path = ReportMonitor.appex; sourceTree = BUILT_PRODUCTS_DIR; };
/* End PBXFileReference section */

/* Begin PBXFileSystemSynchronizedBuildFileExceptionSet section */
		1521AF863052B10000866109 /* Exceptions for "Mujo" folder in "Mujo" target */ = {
			isa = PBXFileSystemSynchronizedBuildFileExceptionSet;
			membershipExceptions = (
				Info.plist,
			);
			target = 15B4C683304C87A6004F4DF5 /* Mujo */;
		};
		152EF0953051F9D600BB7370 /* Exceptions for "CountdownWidget" folder in "CountdownWidgetExtension" target */ = {
			isa = PBXFileSystemSynchronizedBuildFileExceptionSet;
			membershipExceptions = (
				Info.plist,
			);
			target = 152EF0803051F9D400BB7370 /* CountdownWidgetExtension */;
		};
		15FC8783304DE555001D7A9A /* Exceptions for "ActivityMonitor" folder in "ActivityMonitor" target */ = {
			isa = PBXFileSystemSynchronizedBuildFileExceptionSet;
			membershipExceptions = (
				Info.plist,
			);
			target = 15FC8776304DE555001D7A9A /* ActivityMonitor */;
		};
		15FC8799304DE57D001D7A9A /* Exceptions for "ReportMonitor" folder in "ReportMonitor" target */ = {
			isa = PBXFileSystemSynchronizedBuildFileExceptionSet;
			membershipExceptions = (
				Info.plist,
			);
			target = 15FC878B304DE57C001D7A9A /* ReportMonitor */;
		};
/* End PBXFileSystemSynchronizedBuildFileExceptionSet section */

/* Begin PBXFileSystemSynchronizedRootGroup section */
		152EF0843051F9D400BB7370 /* CountdownWidget */ = {
			isa = PBXFileSystemSynchronizedRootGroup;
			exceptions = (
				152EF0953051F9D600BB7370 /* Exceptions for "CountdownWidget" folder in "CountdownWidgetExtension" target */,
			);
			path = CountdownWidget;
			sourceTree = "<group>";
		};
		15B4C686304C87A6004F4DF5 /* Mujo */ = {
			isa = PBXFileSystemSynchronizedRootGroup;
			exceptions = (
				1521AF863052B10000866109 /* Exceptions for "Mujo" folder in "Mujo" target */,
			);
			path = Mujo;
			sourceTree = "<group>";
		};
		15B4C694304C87A8004F4DF5 /* MujoTests */ = {
			isa = PBXFileSystemSynchronizedRootGroup;
			path = MujoTests;
			sourceTree = "<group>";
		};
		15B4C69E304C87A8004F4DF5 /* MujoUITests */ = {
			isa = PBXFileSystemSynchronizedRootGroup;
			path = MujoUITests;
			sourceTree = "<group>";
		};
		15FC877B304DE555001D7A9A /* ActivityMonitor */ = {
			isa = PBXFileSystemSynchronizedRootGroup;
			exceptions = (
				15FC8783304DE555001D7A9A /* Exceptions for "ActivityMonitor" folder in "ActivityMonitor" target */,
			);
			path = ActivityMonitor;
			sourceTree = "<group>";
		};
		15FC878D304DE57C001D7A9A /* ReportMonitor */ = {
			isa = PBXFileSystemSynchronizedRootGroup;
			exceptions = (
				15FC8799304DE57D001D7A9A /* Exceptions for "ReportMonitor" folder in "ReportMonitor" target */,
			);
			path = ReportMonitor;
			sourceTree = "<group>";
		};
/* End PBXFileSystemSynchronizedRootGroup section */

/* Begin PBXFrameworksBuildPhase section */
		152EF07E3051F9D400BB7370 /* Frameworks */ = {
			isa = PBXFrameworksBuildPhase;
			buildActionMask = 2147483647;
			files = (
				152EF0833051F9D400BB7370 /* SwiftUI.framework in Frameworks */,
				152EF0823051F9D400BB7370 /* WidgetKit.framework in Frameworks */,
			);
			runOnlyForDeploymentPostprocessing = 0;
		};
		15B4C681304C87A6004F4DF5 /* Frameworks */ = {
			isa = PBXFrameworksBuildPhase;
			buildActionMask = 2147483647;
			files = (
			);
			runOnlyForDeploymentPostprocessing = 0;
		};
		15B4C68E304C87A8004F4DF5 /* Frameworks */ = {
			isa = PBXFrameworksBuildPhase;
			buildActionMask = 2147483647;
			files = (
			);
			runOnlyForDeploymentPostprocessing = 0;
		};
		15B4C698304C87A8004F4DF5 /* Frameworks */ = {
			isa = PBXFrameworksBuildPhase;
			buildActionMask = 2147483647;
			files = (
			);
			runOnlyForDeploymentPostprocessing = 0;
		};
		15FC8774304DE555001D7A9A /* Frameworks */ = {
			isa = PBXFrameworksBuildPhase;
			buildActionMask = 2147483647;
			files = (
				15FC877A304DE555001D7A9A /* DeviceActivity.framework in Frameworks */,
			);
			runOnlyForDeploymentPostprocessing = 0;
		};
		15FC8789304DE57C001D7A9A /* Frameworks */ = {
			isa = PBXFrameworksBuildPhase;
			buildActionMask = 2147483647;
			files = (
			);
			runOnlyForDeploymentPostprocessing = 0;
		};
/* End PBXFrameworksBuildPhase section */

/* Begin PBXGroup section */
		1521AF683052013E00866109 /* Shared */ = {
			isa = PBXGroup;
			children = (
				1521AF803052A00000866109 /* MujoShared.swift */,
				A17E4E013060000000000001 /* Theme.swift */,
				1521AF6D3052050600866109 /* Time.swift */,
				1521AF693052015500866109 /* Fonts.swift */,
			);
			path = Shared;
			sourceTree = "<group>";
		};
		15B4C67B304C87A6004F4DF5 = {
			isa = PBXGroup;
			children = (
				1521AF723052908200866109 /* CountdownWidgetExtension.entitlements */,
				1521AF683052013E00866109 /* Shared */,
				15B4C686304C87A6004F4DF5 /* Mujo */,
				15B4C694304C87A8004F4DF5 /* MujoTests */,
				15B4C69E304C87A8004F4DF5 /* MujoUITests */,
				15FC877B304DE555001D7A9A /* ActivityMonitor */,
				15FC878D304DE57C001D7A9A /* ReportMonitor */,
				152EF0843051F9D400BB7370 /* CountdownWidget */,
				15FC8778304DE555001D7A9A /* Frameworks */,
				15B4C685304C87A6004F4DF5 /* Products */,
			);
			sourceTree = "<group>";
		};
		15B4C685304C87A6004F4DF5 /* Products */ = {
			isa = PBXGroup;
			children = (
				15B4C684304C87A6004F4DF5 /* Mujo.app */,
				15B4C691304C87A8004F4DF5 /* MujoTests.xctest */,
				15B4C69B304C87A8004F4DF5 /* MujoUITests.xctest */,
				15FC8777304DE555001D7A9A /* ActivityMonitor.appex */,
				15FC878C304DE57C001D7A9A /* ReportMonitor.appex */,
				152EF0813051F9D400BB7370 /* CountdownWidgetExtension.appex */,
			);
			name = Products;
			sourceTree = "<group>";
		};
		15FC8778304DE555001D7A9A /* Frameworks */ = {
			isa = PBXGroup;
			children = (
				15FC8779304DE555001D7A9A /* DeviceActivity.framework */,
				152EF0643051F97400BB7370 /* WidgetKit.framework */,
				152EF0663051F97400BB7370 /* SwiftUI.framework */,
			);
			name = Frameworks;
			sourceTree = "<group>";
		};
/* End PBXGroup section */

/* Begin PBXNativeTarget section */
		152EF0803051F9D400BB7370 /* CountdownWidgetExtension */ = {
			isa = PBXNativeTarget;
			buildConfigurationList = 152EF0963051F9D600BB7370 /* Build configuration list for PBXNativeTarget "CountdownWidgetExtension" */;
			buildPhases = (
				152EF07D3051F9D400BB7370 /* Sources */,
				152EF07E3051F9D400BB7370 /* Frameworks */,
				152EF07F3051F9D400BB7370 /* Resources */,
			);
			buildRules = (
			);
			dependencies = (
			);
			fileSystemSynchronizedGroups = (
				152EF0843051F9D400BB7370 /* CountdownWidget */,
			);
			name = CountdownWidgetExtension;
			packageProductDependencies = (
			);
			productName = CountdownWidgetExtension;
			productReference = 152EF0813051F9D400BB7370 /* CountdownWidgetExtension.appex */;
			productType = "com.apple.product-type.app-extension";
		};
		15B4C683304C87A6004F4DF5 /* Mujo */ = {
			isa = PBXNativeTarget;
			buildConfigurationList = 15B4C6A5304C87A8004F4DF5 /* Build configuration list for PBXNativeTarget "Mujo" */;
			buildPhases = (
				15B4C680304C87A6004F4DF5 /* Sources */,
				15B4C681304C87A6004F4DF5 /* Frameworks */,
				15B4C682304C87A6004F4DF5 /* Resources */,
				15FC8787304DE555001D7A9A /* Embed Foundation Extensions */,
				15FC879D304DE57D001D7A9A /* Embed ExtensionKit Extensions */,
			);
			buildRules = (
			);
			dependencies = (
				15FC8781304DE555001D7A9A /* PBXTargetDependency */,
				15FC8797304DE57D001D7A9A /* PBXTargetDependency */,
				152EF0933051F9D600BB7370 /* PBXTargetDependency */,
			);
			fileSystemSynchronizedGroups = (
				15B4C686304C87A6004F4DF5 /* Mujo */,
			);
			name = Mujo;
			packageProductDependencies = (
			);
			productName = Mujo;
			productReference = 15B4C684304C87A6004F4DF5 /* Mujo.app */;
			productType = "com.apple.product-type.application";
		};
		15B4C690304C87A8004F4DF5 /* MujoTests */ = {
			isa = PBXNativeTarget;
			buildConfigurationList = 15B4C6A8304C87A8004F4DF5 /* Build configuration list for PBXNativeTarget "MujoTests" */;
			buildPhases = (
				15B4C68D304C87A8004F4DF5 /* Sources */,
				15B4C68E304C87A8004F4DF5 /* Frameworks */,
				15B4C68F304C87A8004F4DF5 /* Resources */,
			);
			buildRules = (
			);
			dependencies = (
				15B4C693304C87A8004F4DF5 /* PBXTargetDependency */,
			);
			fileSystemSynchronizedGroups = (
				15B4C694304C87A8004F4DF5 /* MujoTests */,
			);
			name = MujoTests;
			packageProductDependencies = (
			);
			productName = MujoTests;
			productReference = 15B4C691304C87A8004F4DF5 /* MujoTests.xctest */;
			productType = "com.apple.product-type.bundle.unit-test";
		};
		15B4C69A304C87A8004F4DF5 /* MujoUITests */ = {
			isa = PBXNativeTarget;
			buildConfigurationList = 15B4C6AB304C87A8004F4DF5 /* Build configuration list for PBXNativeTarget "MujoUITests" */;
			buildPhases = (
				15B4C697304C87A8004F4DF5 /* Sources */,
				15B4C698304C87A8004F4DF5 /* Frameworks */,
				15B4C699304C87A8004F4DF5 /* Resources */,
			);
			buildRules = (
			);
			dependencies = (
				15B4C69D304C87A8004F4DF5 /* PBXTargetDependency */,
			);
			fileSystemSynchronizedGroups = (
				15B4C69E304C87A8004F4DF5 /* MujoUITests */,
			);
			name = MujoUITests;
			packageProductDependencies = (
			);
			productName = MujoUITests;
			productReference = 15B4C69B304C87A8004F4DF5 /* MujoUITests.xctest */;
			productType = "com.apple.product-type.bundle.ui-testing";
		};
		15FC8776304DE555001D7A9A /* ActivityMonitor */ = {
			isa = PBXNativeTarget;
			buildConfigurationList = 15FC8784304DE555001D7A9A /* Build configuration list for PBXNativeTarget "ActivityMonitor" */;
			buildPhases = (
				15FC8773304DE555001D7A9A /* Sources */,
				15FC8774304DE555001D7A9A /* Frameworks */,
				15FC8775304DE555001D7A9A /* Resources */,
			);
			buildRules = (
			);
			dependencies = (
			);
			fileSystemSynchronizedGroups = (
				15FC877B304DE555001D7A9A /* ActivityMonitor */,
			);
			name = ActivityMonitor;
			packageProductDependencies = (
			);
			productName = ActivityMonitor;
			productReference = 15FC8777304DE555001D7A9A /* ActivityMonitor.appex */;
			productType = "com.apple.product-type.app-extension";
		};
		15FC878B304DE57C001D7A9A /* ReportMonitor */ = {
			isa = PBXNativeTarget;
			buildConfigurationList = 15FC879A304DE57D001D7A9A /* Build configuration list for PBXNativeTarget "ReportMonitor" */;
			buildPhases = (
				15FC8788304DE57C001D7A9A /* Sources */,
				15FC8789304DE57C001D7A9A /* Frameworks */,
				15FC878A304DE57C001D7A9A /* Resources */,
			);
			buildRules = (
			);
			dependencies = (
			);
			fileSystemSynchronizedGroups = (
				15FC878D304DE57C001D7A9A /* ReportMonitor */,
			);
			name = ReportMonitor;
			packageProductDependencies = (
			);
			productName = ReportMonitor;
			productReference = 15FC878C304DE57C001D7A9A /* ReportMonitor.appex */;
			productType = "com.apple.product-type.extensionkit-extension";
		};
/* End PBXNativeTarget section */

/* Begin PBXProject section */
		15B4C67C304C87A6004F4DF5 /* Project object */ = {
			isa = PBXProject;
			attributes = {
				BuildIndependentTargetsInParallel = 1;
				LastSwiftUpdateCheck = 2660;
				LastUpgradeCheck = 2660;
				TargetAttributes = {
					152EF0803051F9D400BB7370 = {
						CreatedOnToolsVersion = 26.6;
					};
					15B4C683304C87A6004F4DF5 = {
						CreatedOnToolsVersion = 26.6;
					};
					15B4C690304C87A8004F4DF5 = {
						CreatedOnToolsVersion = 26.6;
						TestTargetID = 15B4C683304C87A6004F4DF5;
					};
					15B4C69A304C87A8004F4DF5 = {
						CreatedOnToolsVersion = 26.6;
						TestTargetID = 15B4C683304C87A6004F4DF5;
					};
					15FC8776304DE555001D7A9A = {
						CreatedOnToolsVersion = 26.6;
					};
					15FC878B304DE57C001D7A9A = {
						CreatedOnToolsVersion = 26.6;
					};
				};
			};
			buildConfigurationList = 15B4C67F304C87A6004F4DF5 /* Build configuration list for PBXProject "Mujo" */;
			developmentRegion = en;
			hasScannedForEncodings = 0;
			knownRegions = (
				en,
				Base,
			);
			mainGroup = 15B4C67B304C87A6004F4DF5;
			minimizedProjectReferenceProxies = 1;
			preferredProjectObjectVersion = 77;
			productRefGroup = 15B4C685304C87A6004F4DF5 /* Products */;
			projectDirPath = "";
			projectRoot = "";
			targets = (
				15B4C683304C87A6004F4DF5 /* Mujo */,
				15B4C690304C87A8004F4DF5 /* MujoTests */,
				15B4C69A304C87A8004F4DF5 /* MujoUITests */,
				15FC8776304DE555001D7A9A /* ActivityMonitor */,
				15FC878B304DE57C001D7A9A /* ReportMonitor */,
				152EF0803051F9D400BB7370 /* CountdownWidgetExtension */,
			);
		};
/* End PBXProject section */

/* Begin PBXResourcesBuildPhase section */
		152EF07F3051F9D400BB7370 /* Resources */ = {
			isa = PBXResourcesBuildPhase;
			buildActionMask = 2147483647;
			files = (
			);
			runOnlyForDeploymentPostprocessing = 0;
		};
		15B4C682304C87A6004F4DF5 /* Resources */ = {
			isa = PBXResourcesBuildPhase;
			buildActionMask = 2147483647;
			files = (
			);
			runOnlyForDeploymentPostprocessing = 0;
		};
		15B4C68F304C87A8004F4DF5 /* Resources */ = {
			isa = PBXResourcesBuildPhase;
			buildActionMask = 2147483647;
			files = (
			);
			runOnlyForDeploymentPostprocessing = 0;
		};
		15B4C699304C87A8004F4DF5 /* Resources */ = {
			isa = PBXResourcesBuildPhase;
			buildActionMask = 2147483647;
			files = (
			);
			runOnlyForDeploymentPostprocessing = 0;
		};
		15FC8775304DE555001D7A9A /* Resources */ = {
			isa = PBXResourcesBuildPhase;
			buildActionMask = 2147483647;
			files = (
			);
			runOnlyForDeploymentPostprocessing = 0;
		};
		15FC878A304DE57C001D7A9A /* Resources */ = {
			isa = PBXResourcesBuildPhase;
			buildActionMask = 2147483647;
			files = (
			);
			runOnlyForDeploymentPostprocessing = 0;
		};
/* End PBXResourcesBuildPhase section */

/* Begin PBXSourcesBuildPhase section */
		152EF07D3051F9D400BB7370 /* Sources */ = {
			isa = PBXSourcesBuildPhase;
			buildActionMask = 2147483647;
			files = (
				1521AF843052A00000866109 /* MujoShared.swift in Sources */,
				A17E4E033060000000000001 /* Theme.swift in Sources */,
				1521AF6F3052050900866109 /* Time.swift in Sources */,
				1521AF6B305202F100866109 /* Fonts.swift in Sources */,
			);
			runOnlyForDeploymentPostprocessing = 0;
		};
		15B4C680304C87A6004F4DF5 /* Sources */ = {
			isa = PBXSourcesBuildPhase;
			buildActionMask = 2147483647;
			files = (
				1521AF813052A00000866109 /* MujoShared.swift in Sources */,
				A17E4E023060000000000001 /* Theme.swift in Sources */,
			);
			runOnlyForDeploymentPostprocessing = 0;
		};
		15B4C68D304C87A8004F4DF5 /* Sources */ = {
			isa = PBXSourcesBuildPhase;
			buildActionMask = 2147483647;
			files = (
			);
			runOnlyForDeploymentPostprocessing = 0;
		};
		15B4C697304C87A8004F4DF5 /* Sources */ = {
			isa = PBXSourcesBuildPhase;
			buildActionMask = 2147483647;
			files = (
			);
			runOnlyForDeploymentPostprocessing = 0;
		};
		15FC8773304DE555001D7A9A /* Sources */ = {
			isa = PBXSourcesBuildPhase;
			buildActionMask = 2147483647;
			files = (
				1521AF823052A00000866109 /* MujoShared.swift in Sources */,
			);
			runOnlyForDeploymentPostprocessing = 0;
		};
		15FC8788304DE57C001D7A9A /* Sources */ = {
			isa = PBXSourcesBuildPhase;
			buildActionMask = 2147483647;
			files = (
				1521AF833052A00000866109 /* MujoShared.swift in Sources */,
				A17E4E043060000000000001 /* Theme.swift in Sources */,
				1521AF6C3052030800866109 /* Fonts.swift in Sources */,
				1521AF6E3052050900866109 /* Time.swift in Sources */,
			);
			runOnlyForDeploymentPostprocessing = 0;
		};
/* End PBXSourcesBuildPhase section */

/* Begin PBXTargetDependency section */
		152EF0933051F9D600BB7370 /* PBXTargetDependency */ = {
			isa = PBXTargetDependency;
			target = 152EF0803051F9D400BB7370 /* CountdownWidgetExtension */;
			targetProxy = 152EF0923051F9D600BB7370 /* PBXContainerItemProxy */;
		};
		15B4C693304C87A8004F4DF5 /* PBXTargetDependency */ = {
			isa = PBXTargetDependency;
			target = 15B4C683304C87A6004F4DF5 /* Mujo */;
			targetProxy = 15B4C692304C87A8004F4DF5 /* PBXContainerItemProxy */;
		};
		15B4C69D304C87A8004F4DF5 /* PBXTargetDependency */ = {
			isa = PBXTargetDependency;
			target = 15B4C683304C87A6004F4DF5 /* Mujo */;
			targetProxy = 15B4C69C304C87A8004F4DF5 /* PBXContainerItemProxy */;
		};
		15FC8781304DE555001D7A9A /* PBXTargetDependency */ = {
			isa = PBXTargetDependency;
			target = 15FC8776304DE555001D7A9A /* ActivityMonitor */;
			targetProxy = 15FC8780304DE555001D7A9A /* PBXContainerItemProxy */;
		};
		15FC8797304DE57D001D7A9A /* PBXTargetDependency */ = {
			isa = PBXTargetDependency;
			target = 15FC878B304DE57C001D7A9A /* ReportMonitor */;
			targetProxy = 15FC8796304DE57D001D7A9A /* PBXContainerItemProxy */;
		};
/* End PBXTargetDependency section */

/* Begin XCBuildConfiguration section */
		152EF0973051F9D600BB7370 /* Debug */ = {
			isa = XCBuildConfiguration;
			buildSettings = {
				ASSETCATALOG_COMPILER_GLOBAL_ACCENT_COLOR_NAME = AccentColor;
				ASSETCATALOG_COMPILER_WIDGET_BACKGROUND_COLOR_NAME = WidgetBackground;
				CODE_SIGN_ENTITLEMENTS = CountdownWidgetExtension.entitlements;
				CODE_SIGN_STYLE = Automatic;
				CURRENT_PROJECT_VERSION = 1;
				DEVELOPMENT_TEAM = 2B2928XT22;
				GENERATE_INFOPLIST_FILE = YES;
				INFOPLIST_FILE = CountdownWidget/Info.plist;
				INFOPLIST_KEY_CFBundleDisplayName = CountdownWidget;
				INFOPLIST_KEY_NSHumanReadableCopyright = "";
				LD_RUNPATH_SEARCH_PATHS = (
					"$(inherited)",
					"@executable_path/Frameworks",
					"@executable_path/../../Frameworks",
				);
				MARKETING_VERSION = 1.0;
				PRODUCT_BUNDLE_IDENTIFIER = AikariStudio.Mujo.CountdownWidget;
				PRODUCT_NAME = "$(TARGET_NAME)";
				SKIP_INSTALL = YES;
				STRING_CATALOG_GENERATE_SYMBOLS = YES;
				SWIFT_APPROACHABLE_CONCURRENCY = YES;
				SWIFT_EMIT_LOC_STRINGS = YES;
				SWIFT_UPCOMING_FEATURE_MEMBER_IMPORT_VISIBILITY = YES;
				SWIFT_VERSION = 5.0;
				TARGETED_DEVICE_FAMILY = "1,2";
			};
			name = Debug;
		};
		152EF0983051F9D600BB7370 /* Release */ = {
			isa = XCBuildConfiguration;
			buildSettings = {
				ASSETCATALOG_COMPILER_GLOBAL_ACCENT_COLOR_NAME = AccentColor;
				ASSETCATALOG_COMPILER_WIDGET_BACKGROUND_COLOR_NAME = WidgetBackground;
				CODE_SIGN_ENTITLEMENTS = CountdownWidgetExtension.entitlements;
				CODE_SIGN_STYLE = Automatic;
				CURRENT_PROJECT_VERSION = 1;
				DEVELOPMENT_TEAM = 2B2928XT22;
				GENERATE_INFOPLIST_FILE = YES;
				INFOPLIST_FILE = CountdownWidget/Info.plist;
				INFOPLIST_KEY_CFBundleDisplayName = CountdownWidget;
				INFOPLIST_KEY_NSHumanReadableCopyright = "";
				LD_RUNPATH_SEARCH_PATHS = (
					"$(inherited)",
					"@executable_path/Frameworks",
					"@executable_path/../../Frameworks",
				);
				MARKETING_VERSION = 1.0;
				PRODUCT_BUNDLE_IDENTIFIER = AikariStudio.Mujo.CountdownWidget;
				PRODUCT_NAME = "$(TARGET_NAME)";
				SKIP_INSTALL = YES;
				STRING_CATALOG_GENERATE_SYMBOLS = YES;
				SWIFT_APPROACHABLE_CONCURRENCY = YES;
				SWIFT_EMIT_LOC_STRINGS = YES;
				SWIFT_UPCOMING_FEATURE_MEMBER_IMPORT_VISIBILITY = YES;
				SWIFT_VERSION = 5.0;
				TARGETED_DEVICE_FAMILY = "1,2";
			};
			name = Release;
		};
		15B4C6A3304C87A8004F4DF5 /* Debug */ = {
			isa = XCBuildConfiguration;
			buildSettings = {
				ALWAYS_SEARCH_USER_PATHS = NO;
				ASSETCATALOG_COMPILER_GENERATE_SWIFT_ASSET_SYMBOL_EXTENSIONS = YES;
				CLANG_ANALYZER_NONNULL = YES;
				CLANG_ANALYZER_NUMBER_OBJECT_CONVERSION = YES_AGGRESSIVE;
				CLANG_CXX_LANGUAGE_STANDARD = "gnu++20";
				CLANG_ENABLE_MODULES = YES;
				CLANG_ENABLE_OBJC_ARC = YES;
				CLANG_ENABLE_OBJC_WEAK = YES;
				CLANG_WARN_BLOCK_CAPTURE_AUTORELEASING = YES;
				CLANG_WARN_BOOL_CONVERSION = YES;
				CLANG_WARN_COMMA = YES;
				CLANG_WARN_CONSTANT_CONVERSION = YES;
				CLANG_WARN_DEPRECATED_OBJC_IMPLEMENTATIONS = YES;
				CLANG_WARN_DIRECT_OBJC_ISA_USAGE = YES_ERROR;
				CLANG_WARN_DOCUMENTATION_COMMENTS = YES;
				CLANG_WARN_EMPTY_BODY = YES;
				CLANG_WARN_ENUM_CONVERSION = YES;
				CLANG_WARN_INFINITE_RECURSION = YES;
				CLANG_WARN_INT_CONVERSION = YES;
				CLANG_WARN_NON_LITERAL_NULL_CONVERSION = YES;
				CLANG_WARN_OBJC_IMPLICIT_RETAIN_SELF = YES;
				CLANG_WARN_OBJC_LITERAL_CONVERSION = YES;
				CLANG_WARN_OBJC_ROOT_CLASS = YES_ERROR;
				CLANG_WARN_QUOTED_INCLUDE_IN_FRAMEWORK_HEADER = YES;
				CLANG_WARN_RANGE_LOOP_ANALYSIS = YES;
				CLANG_WARN_STRICT_PROTOTYPES = YES;
				CLANG_WARN_SUSPICIOUS_MOVE = YES;
				CLANG_WARN_UNGUARDED_AVAILABILITY = YES_AGGRESSIVE;
				CLANG_WARN_UNREACHABLE_CODE = YES;
				CLANG_WARN__DUPLICATE_METHOD_MATCH = YES;
				COPY_PHASE_STRIP = NO;
				DEBUG_INFORMATION_FORMAT = dwarf;
				DEVELOPMENT_TEAM = 2B2928XT22;
				ENABLE_STRICT_OBJC_MSGSEND = YES;
				ENABLE_TESTABILITY = YES;
				ENABLE_USER_SCRIPT_SANDBOXING = YES;
				GCC_C_LANGUAGE_STANDARD = gnu17;
				GCC_DYNAMIC_NO_PIC = NO;
				GCC_NO_COMMON_BLOCKS = YES;
				GCC_OPTIMIZATION_LEVEL = 0;
				GCC_PREPROCESSOR_DEFINITIONS = (
					"DEBUG=1",
					"$(inherited)",
				);
				GCC_WARN_64_TO_32_BIT_CONVERSION = YES;
				GCC_WARN_ABOUT_RETURN_TYPE = YES_ERROR;
				GCC_WARN_UNDECLARED_SELECTOR = YES;
				GCC_WARN_UNINITIALIZED_AUTOS = YES_AGGRESSIVE;
				GCC_WARN_UNUSED_FUNCTION = YES;
				GCC_WARN_UNUSED_VARIABLE = YES;
				IPHONEOS_DEPLOYMENT_TARGET = 26.5;
				LOCALIZATION_PREFERS_STRING_CATALOGS = YES;
				MTL_ENABLE_DEBUG_INFO = INCLUDE_SOURCE;
				MTL_FAST_MATH = YES;
				ONLY_ACTIVE_ARCH = YES;
				SDKROOT = iphoneos;
				SWIFT_ACTIVE_COMPILATION_CONDITIONS = "DEBUG $(inherited)";
				SWIFT_OPTIMIZATION_LEVEL = "-Onone";
			};
			name = Debug;
		};
		15B4C6A4304C87A8004F4DF5 /* Release */ = {
			isa = XCBuildConfiguration;
			buildSettings = {
				ALWAYS_SEARCH_USER_PATHS = NO;
				ASSETCATALOG_COMPILER_GENERATE_SWIFT_ASSET_SYMBOL_EXTENSIONS = YES;
				CLANG_ANALYZER_NONNULL = YES;
				CLANG_ANALYZER_NUMBER_OBJECT_CONVERSION = YES_AGGRESSIVE;
				CLANG_CXX_LANGUAGE_STANDARD = "gnu++20";
				CLANG_ENABLE_MODULES = YES;
				CLANG_ENABLE_OBJC_ARC = YES;
				CLANG_ENABLE_OBJC_WEAK = YES;
				CLANG_WARN_BLOCK_CAPTURE_AUTORELEASING = YES;
				CLANG_WARN_BOOL_CONVERSION = YES;
				CLANG_WARN_COMMA = YES;
				CLANG_WARN_CONSTANT_CONVERSION = YES;
				CLANG_WARN_DEPRECATED_OBJC_IMPLEMENTATIONS = YES;
				CLANG_WARN_DIRECT_OBJC_ISA_USAGE = YES_ERROR;
				CLANG_WARN_DOCUMENTATION_COMMENTS = YES;
				CLANG_WARN_EMPTY_BODY = YES;
				CLANG_WARN_ENUM_CONVERSION = YES;
				CLANG_WARN_INFINITE_RECURSION = YES;
				CLANG_WARN_INT_CONVERSION = YES;
				CLANG_WARN_NON_LITERAL_NULL_CONVERSION = YES;
				CLANG_WARN_OBJC_IMPLICIT_RETAIN_SELF = YES;
				CLANG_WARN_OBJC_LITERAL_CONVERSION = YES;
				CLANG_WARN_OBJC_ROOT_CLASS = YES_ERROR;
				CLANG_WARN_QUOTED_INCLUDE_IN_FRAMEWORK_HEADER = YES;
				CLANG_WARN_RANGE_LOOP_ANALYSIS = YES;
				CLANG_WARN_STRICT_PROTOTYPES = YES;
				CLANG_WARN_SUSPICIOUS_MOVE = YES;
				CLANG_WARN_UNGUARDED_AVAILABILITY = YES_AGGRESSIVE;
				CLANG_WARN_UNREACHABLE_CODE = YES;
				CLANG_WARN__DUPLICATE_METHOD_MATCH = YES;
				COPY_PHASE_STRIP = NO;
				DEBUG_INFORMATION_FORMAT = "dwarf-with-dsym";
				DEVELOPMENT_TEAM = 2B2928XT22;
				ENABLE_NS_ASSERTIONS = NO;
				ENABLE_STRICT_OBJC_MSGSEND = YES;
				ENABLE_USER_SCRIPT_SANDBOXING = YES;
				GCC_C_LANGUAGE_STANDARD = gnu17;
				GCC_NO_COMMON_BLOCKS = YES;
				GCC_WARN_64_TO_32_BIT_CONVERSION = YES;
				GCC_WARN_ABOUT_RETURN_TYPE = YES_ERROR;
				GCC_WARN_UNDECLARED_SELECTOR = YES;
				GCC_WARN_UNINITIALIZED_AUTOS = YES_AGGRESSIVE;
				GCC_WARN_UNUSED_FUNCTION = YES;
				GCC_WARN_UNUSED_VARIABLE = YES;
				IPHONEOS_DEPLOYMENT_TARGET = 26.5;
				LOCALIZATION_PREFERS_STRING_CATALOGS = YES;
				MTL_ENABLE_DEBUG_INFO = NO;
				MTL_FAST_MATH = YES;
				SDKROOT = iphoneos;
				SWIFT_COMPILATION_MODE = wholemodule;
				VALIDATE_PRODUCT = YES;
			};
			name = Release;
		};
		15B4C6A6304C87A8004F4DF5 /* Debug */ = {
			isa = XCBuildConfiguration;
			buildSettings = {
				ASSETCATALOG_COMPILER_APPICON_NAME = AppIcon;
				ASSETCATALOG_COMPILER_GLOBAL_ACCENT_COLOR_NAME = AccentColor;
				CODE_SIGN_ENTITLEMENTS = Mujo/Mujo.entitlements;
				CODE_SIGN_STYLE = Automatic;
				CURRENT_PROJECT_VERSION = 1;
				DEVELOPMENT_TEAM = 2B2928XT22;
				ENABLE_PREVIEWS = YES;
				GENERATE_INFOPLIST_FILE = YES;
				INFOPLIST_FILE = Mujo/Info.plist;
				INFOPLIST_KEY_UIApplicationSceneManifest_Generation = YES;
				INFOPLIST_KEY_UIApplicationSupportsIndirectInputEvents = YES;
				INFOPLIST_KEY_UISupportedInterfaceOrientations_iPad = "UIInterfaceOrientationPortrait UIInterfaceOrientationPortraitUpsideDown UIInterfaceOrientationLandscapeLeft UIInterfaceOrientationLandscapeRight";
				INFOPLIST_KEY_UISupportedInterfaceOrientations_iPhone = "UIInterfaceOrientationPortrait UIInterfaceOrientationLandscapeLeft UIInterfaceOrientationLandscapeRight";
				LD_RUNPATH_SEARCH_PATHS = (
					"$(inherited)",
					"@executable_path/Frameworks",
				);
				MARKETING_VERSION = 1.0;
				PRODUCT_BUNDLE_IDENTIFIER = AikariStudio.Mujo;
				PRODUCT_NAME = "$(TARGET_NAME)";
				STRING_CATALOG_GENERATE_SYMBOLS = YES;
				SWIFT_APPROACHABLE_CONCURRENCY = YES;
				SWIFT_DEFAULT_ACTOR_ISOLATION = MainActor;
				SWIFT_EMIT_LOC_STRINGS = YES;
				SWIFT_UPCOMING_FEATURE_MEMBER_IMPORT_VISIBILITY = YES;
				SWIFT_VERSION = 5.0;
				TARGETED_DEVICE_FAMILY = "1,2";
			};
			name = Debug;
		};
		15B4C6A7304C87A8004F4DF5 /* Release */ = {
			isa = XCBuildConfiguration;
			buildSettings = {
				ASSETCATALOG_COMPILER_APPICON_NAME = AppIcon;
				ASSETCATALOG_COMPILER_GLOBAL_ACCENT_COLOR_NAME = AccentColor;
				CODE_SIGN_ENTITLEMENTS = Mujo/Mujo.entitlements;
				CODE_SIGN_STYLE = Automatic;
				CURRENT_PROJECT_VERSION = 1;
				DEVELOPMENT_TEAM = 2B2928XT22;
				ENABLE_PREVIEWS = YES;
				GENERATE_INFOPLIST_FILE = YES;
				INFOPLIST_FILE = Mujo/Info.plist;
				INFOPLIST_KEY_UIApplicationSceneManifest_Generation = YES;
				INFOPLIST_KEY_UIApplicationSupportsIndirectInputEvents = YES;
				INFOPLIST_KEY_UISupportedInterfaceOrientations_iPad = "UIInterfaceOrientationPortrait UIInterfaceOrientationPortraitUpsideDown UIInterfaceOrientationLandscapeLeft UIInterfaceOrientationLandscapeRight";
				INFOPLIST_KEY_UISupportedInterfaceOrientations_iPhone = "UIInterfaceOrientationPortrait UIInterfaceOrientationLandscapeLeft UIInterfaceOrientationLandscapeRight";
				LD_RUNPATH_SEARCH_PATHS = (
					"$(inherited)",
					"@executable_path/Frameworks",
				);
				MARKETING_VERSION = 1.0;
				PRODUCT_BUNDLE_IDENTIFIER = AikariStudio.Mujo;
				PRODUCT_NAME = "$(TARGET_NAME)";
				STRING_CATALOG_GENERATE_SYMBOLS = YES;
				SWIFT_APPROACHABLE_CONCURRENCY = YES;
				SWIFT_DEFAULT_ACTOR_ISOLATION = MainActor;
				SWIFT_EMIT_LOC_STRINGS = YES;
				SWIFT_UPCOMING_FEATURE_MEMBER_IMPORT_VISIBILITY = YES;
				SWIFT_VERSION = 5.0;
				TARGETED_DEVICE_FAMILY = "1,2";
			};
			name = Release;
		};
		15B4C6A9304C87A8004F4DF5 /* Debug */ = {
			isa = XCBuildConfiguration;
			buildSettings = {
				BUNDLE_LOADER = "$(TEST_HOST)";
				CODE_SIGN_STYLE = Automatic;
				CURRENT_PROJECT_VERSION = 1;
				DEVELOPMENT_TEAM = 2B2928XT22;
				GENERATE_INFOPLIST_FILE = YES;
				IPHONEOS_DEPLOYMENT_TARGET = 26.5;
				MARKETING_VERSION = 1.0;
				PRODUCT_BUNDLE_IDENTIFIER = AikariStudio.MujoTests;
				PRODUCT_NAME = "$(TARGET_NAME)";
				STRING_CATALOG_GENERATE_SYMBOLS = NO;
				SWIFT_APPROACHABLE_CONCURRENCY = YES;
				SWIFT_EMIT_LOC_STRINGS = NO;
				SWIFT_UPCOMING_FEATURE_MEMBER_IMPORT_VISIBILITY = YES;
				SWIFT_VERSION = 5.0;
				TARGETED_DEVICE_FAMILY = "1,2";
				TEST_HOST = "$(BUILT_PRODUCTS_DIR)/Mujo.app/$(BUNDLE_EXECUTABLE_FOLDER_PATH)/Mujo";
			};
			name = Debug;
		};
		15B4C6AA304C87A8004F4DF5 /* Release */ = {
			isa = XCBuildConfiguration;
			buildSettings = {
				BUNDLE_LOADER = "$(TEST_HOST)";
				CODE_SIGN_STYLE = Automatic;
				CURRENT_PROJECT_VERSION = 1;
				DEVELOPMENT_TEAM = 2B2928XT22;
				GENERATE_INFOPLIST_FILE = YES;
				IPHONEOS_DEPLOYMENT_TARGET = 26.5;
				MARKETING_VERSION = 1.0;
				PRODUCT_BUNDLE_IDENTIFIER = AikariStudio.MujoTests;
				PRODUCT_NAME = "$(TARGET_NAME)";
				STRING_CATALOG_GENERATE_SYMBOLS = NO;
				SWIFT_APPROACHABLE_CONCURRENCY = YES;
				SWIFT_EMIT_LOC_STRINGS = NO;
				SWIFT_UPCOMING_FEATURE_MEMBER_IMPORT_VISIBILITY = YES;
				SWIFT_VERSION = 5.0;
				TARGETED_DEVICE_FAMILY = "1,2";
				TEST_HOST = "$(BUILT_PRODUCTS_DIR)/Mujo.app/$(BUNDLE_EXECUTABLE_FOLDER_PATH)/Mujo";
			};
			name = Release;
		};
		15B4C6AC304C87A8004F4DF5 /* Debug */ = {
			isa = XCBuildConfiguration;
			buildSettings = {
				CODE_SIGN_STYLE = Automatic;
				CURRENT_PROJECT_VERSION = 1;
				DEVELOPMENT_TEAM = 2B2928XT22;
				GENERATE_INFOPLIST_FILE = YES;
				MARKETING_VERSION = 1.0;
				PRODUCT_BUNDLE_IDENTIFIER = AikariStudio.MujoUITests;
				PRODUCT_NAME = "$(TARGET_NAME)";
				STRING_CATALOG_GENERATE_SYMBOLS = NO;
				SWIFT_APPROACHABLE_CONCURRENCY = YES;
				SWIFT_EMIT_LOC_STRINGS = NO;
				SWIFT_UPCOMING_FEATURE_MEMBER_IMPORT_VISIBILITY = YES;
				SWIFT_VERSION = 5.0;
				TARGETED_DEVICE_FAMILY = "1,2";
				TEST_TARGET_NAME = Mujo;
			};
			name = Debug;
		};
		15B4C6AD304C87A8004F4DF5 /* Release */ = {
			isa = XCBuildConfiguration;
			buildSettings = {
				CODE_SIGN_STYLE = Automatic;
				CURRENT_PROJECT_VERSION = 1;
				DEVELOPMENT_TEAM = 2B2928XT22;
				GENERATE_INFOPLIST_FILE = YES;
				MARKETING_VERSION = 1.0;
				PRODUCT_BUNDLE_IDENTIFIER = AikariStudio.MujoUITests;
				PRODUCT_NAME = "$(TARGET_NAME)";
				STRING_CATALOG_GENERATE_SYMBOLS = NO;
				SWIFT_APPROACHABLE_CONCURRENCY = YES;
				SWIFT_EMIT_LOC_STRINGS = NO;
				SWIFT_UPCOMING_FEATURE_MEMBER_IMPORT_VISIBILITY = YES;
				SWIFT_VERSION = 5.0;
				TARGETED_DEVICE_FAMILY = "1,2";
				TEST_TARGET_NAME = Mujo;
			};
			name = Release;
		};
		15FC8785304DE555001D7A9A /* Debug */ = {
			isa = XCBuildConfiguration;
			buildSettings = {
				CODE_SIGN_ENTITLEMENTS = ActivityMonitor/ActivityMonitor.entitlements;
				CODE_SIGN_STYLE = Automatic;
				CURRENT_PROJECT_VERSION = 1;
				DEVELOPMENT_TEAM = 2B2928XT22;
				GENERATE_INFOPLIST_FILE = YES;
				INFOPLIST_FILE = ActivityMonitor/Info.plist;
				INFOPLIST_KEY_CFBundleDisplayName = ActivityMonitor;
				INFOPLIST_KEY_NSHumanReadableCopyright = "";
				LD_RUNPATH_SEARCH_PATHS = (
					"$(inherited)",
					"@executable_path/Frameworks",
					"@executable_path/../../Frameworks",
				);
				MARKETING_VERSION = 1.0;
				PRODUCT_BUNDLE_IDENTIFIER = AikariStudio.Mujo.ActivityMonitor;
				PRODUCT_NAME = "$(TARGET_NAME)";
				SKIP_INSTALL = YES;
				STRING_CATALOG_GENERATE_SYMBOLS = YES;
				SWIFT_APPROACHABLE_CONCURRENCY = YES;
				SWIFT_EMIT_LOC_STRINGS = YES;
				SWIFT_UPCOMING_FEATURE_MEMBER_IMPORT_VISIBILITY = YES;
				SWIFT_VERSION = 5.0;
				TARGETED_DEVICE_FAMILY = "1,2";
			};
			name = Debug;
		};
		15FC8786304DE555001D7A9A /* Release */ = {
			isa = XCBuildConfiguration;
			buildSettings = {
				CODE_SIGN_ENTITLEMENTS = ActivityMonitor/ActivityMonitor.entitlements;
				CODE_SIGN_STYLE = Automatic;
				CURRENT_PROJECT_VERSION = 1;
				DEVELOPMENT_TEAM = 2B2928XT22;
				GENERATE_INFOPLIST_FILE = YES;
				INFOPLIST_FILE = ActivityMonitor/Info.plist;
				INFOPLIST_KEY_CFBundleDisplayName = ActivityMonitor;
				INFOPLIST_KEY_NSHumanReadableCopyright = "";
				LD_RUNPATH_SEARCH_PATHS = (
					"$(inherited)",
					"@executable_path/Frameworks",
					"@executable_path/../../Frameworks",
				);
				MARKETING_VERSION = 1.0;
				PRODUCT_BUNDLE_IDENTIFIER = AikariStudio.Mujo.ActivityMonitor;
				PRODUCT_NAME = "$(TARGET_NAME)";
				SKIP_INSTALL = YES;
				STRING_CATALOG_GENERATE_SYMBOLS = YES;
				SWIFT_APPROACHABLE_CONCURRENCY = YES;
				SWIFT_EMIT_LOC_STRINGS = YES;
				SWIFT_UPCOMING_FEATURE_MEMBER_IMPORT_VISIBILITY = YES;
				SWIFT_VERSION = 5.0;
				TARGETED_DEVICE_FAMILY = "1,2";
			};
			name = Release;
		};
		15FC879B304DE57D001D7A9A /* Debug */ = {
			isa = XCBuildConfiguration;
			buildSettings = {
				CODE_SIGN_ENTITLEMENTS = ReportMonitor/ReportMonitor.entitlements;
				CODE_SIGN_STYLE = Automatic;
				CURRENT_PROJECT_VERSION = 1;
				DEVELOPMENT_TEAM = 2B2928XT22;
				GENERATE_INFOPLIST_FILE = YES;
				INFOPLIST_FILE = ReportMonitor/Info.plist;
				INFOPLIST_KEY_CFBundleDisplayName = ReportMonitor;
				INFOPLIST_KEY_NSHumanReadableCopyright = "";
				LD_RUNPATH_SEARCH_PATHS = (
					"$(inherited)",
					"@executable_path/Frameworks",
					"@executable_path/../../Frameworks",
				);
				MARKETING_VERSION = 1.0;
				PRODUCT_BUNDLE_IDENTIFIER = AikariStudio.Mujo.ReportMonitor;
				PRODUCT_NAME = "$(TARGET_NAME)";
				SKIP_INSTALL = YES;
				STRING_CATALOG_GENERATE_SYMBOLS = YES;
				SWIFT_APPROACHABLE_CONCURRENCY = YES;
				SWIFT_EMIT_LOC_STRINGS = YES;
				SWIFT_UPCOMING_FEATURE_MEMBER_IMPORT_VISIBILITY = YES;
				SWIFT_VERSION = 5.0;
				TARGETED_DEVICE_FAMILY = "1,2";
			};
			name = Debug;
		};
		15FC879C304DE57D001D7A9A /* Release */ = {
			isa = XCBuildConfiguration;
			buildSettings = {
				CODE_SIGN_ENTITLEMENTS = ReportMonitor/ReportMonitor.entitlements;
				CODE_SIGN_STYLE = Automatic;
				CURRENT_PROJECT_VERSION = 1;
				DEVELOPMENT_TEAM = 2B2928XT22;
				GENERATE_INFOPLIST_FILE = YES;
				INFOPLIST_FILE = ReportMonitor/Info.plist;
				INFOPLIST_KEY_CFBundleDisplayName = ReportMonitor;
				INFOPLIST_KEY_NSHumanReadableCopyright = "";
				LD_RUNPATH_SEARCH_PATHS = (
					"$(inherited)",
					"@executable_path/Frameworks",
					"@executable_path/../../Frameworks",
				);
				MARKETING_VERSION = 1.0;
				PRODUCT_BUNDLE_IDENTIFIER = AikariStudio.Mujo.ReportMonitor;
				PRODUCT_NAME = "$(TARGET_NAME)";
				SKIP_INSTALL = YES;
				STRING_CATALOG_GENERATE_SYMBOLS = YES;
				SWIFT_APPROACHABLE_CONCURRENCY = YES;
				SWIFT_EMIT_LOC_STRINGS = YES;
				SWIFT_UPCOMING_FEATURE_MEMBER_IMPORT_VISIBILITY = YES;
				SWIFT_VERSION = 5.0;
				TARGETED_DEVICE_FAMILY = "1,2";
			};
			name = Release;
		};
/* End XCBuildConfiguration section */

/* Begin XCConfigurationList section */
		152EF0963051F9D600BB7370 /* Build configuration list for PBXNativeTarget "CountdownWidgetExtension" */ = {
			isa = XCConfigurationList;
			buildConfigurations = (
				152EF0973051F9D600BB7370 /* Debug */,
				152EF0983051F9D600BB7370 /* Release */,
			);
			defaultConfigurationIsVisible = 0;
			defaultConfigurationName = Release;
		};
		15B4C67F304C87A6004F4DF5 /* Build configuration list for PBXProject "Mujo" */ = {
			isa = XCConfigurationList;
			buildConfigurations = (
				15B4C6A3304C87A8004F4DF5 /* Debug */,
				15B4C6A4304C87A8004F4DF5 /* Release */,
			);
			defaultConfigurationIsVisible = 0;
			defaultConfigurationName = Release;
		};
		15B4C6A5304C87A8004F4DF5 /* Build configuration list for PBXNativeTarget "Mujo" */ = {
			isa = XCConfigurationList;
			buildConfigurations = (
				15B4C6A6304C87A8004F4DF5 /* Debug */,
				15B4C6A7304C87A8004F4DF5 /* Release */,
			);
			defaultConfigurationIsVisible = 0;
			defaultConfigurationName = Release;
		};
		15B4C6A8304C87A8004F4DF5 /* Build configuration list for PBXNativeTarget "MujoTests" */ = {
			isa = XCConfigurationList;
			buildConfigurations = (
				15B4C6A9304C87A8004F4DF5 /* Debug */,
				15B4C6AA304C87A8004F4DF5 /* Release */,
			);
			defaultConfigurationIsVisible = 0;
			defaultConfigurationName = Release;
		};
		15B4C6AB304C87A8004F4DF5 /* Build configuration list for PBXNativeTarget "MujoUITests" */ = {
			isa = XCConfigurationList;
			buildConfigurations = (
				15B4C6AC304C87A8004F4DF5 /* Debug */,
				15B4C6AD304C87A8004F4DF5 /* Release */,
			);
			defaultConfigurationIsVisible = 0;
			defaultConfigurationName = Release;
		};
		15FC8784304DE555001D7A9A /* Build configuration list for PBXNativeTarget "ActivityMonitor" */ = {
			isa = XCConfigurationList;
			buildConfigurations = (
				15FC8785304DE555001D7A9A /* Debug */,
				15FC8786304DE555001D7A9A /* Release */,
			);
			defaultConfigurationIsVisible = 0;
			defaultConfigurationName = Release;
		};
		15FC879A304DE57D001D7A9A /* Build configuration list for PBXNativeTarget "ReportMonitor" */ = {
			isa = XCConfigurationList;
			buildConfigurations = (
				15FC879B304DE57D001D7A9A /* Debug */,
				15FC879C304DE57D001D7A9A /* Release */,
			);
			defaultConfigurationIsVisible = 0;
			defaultConfigurationName = Release;
		};
/* End XCConfigurationList section */
	};
	rootObject = 15B4C67C304C87A6004F4DF5 /* Project object */;
}
